PODS:
  - CalendarKit (0.6.1):
    - DateToolsSwift
    - Neon
  - DateToolsSwift (4.0.0)
  - Neon (0.4.0)

DEPENDENCIES:
  - CalendarKit (from `https://github.com/rsekharAppyog/CalendarKit`, branch `DayViewChange`)

SPEC REPOS:
  https://github.com/cocoapods/specs.git:
    - DateToolsSwift
    - Neon

EXTERNAL SOURCES:
  CalendarKit:
    :branch: DayViewChange
    :git: https://github.com/rsekharAppyog/CalendarKit

CHECKOUT OPTIONS:
  CalendarKit:
    :commit: beb6b136b37fbb2f84a23c71f18481d06194117d
    :git: https://github.com/rsekharAppyog/CalendarKit

SPEC CHECKSUMS:
  CalendarKit: 13901eb4e0df7d04dec2112fefea74953543cb6a
  DateToolsSwift: 875d97ff9e3a5d54abdd67a269b3f51c757b71ab
  Neon: 7fb5a9327e7e57911843f608e08f4893a74deaf9

PODFILE CHECKSUM: 6eb8938a16560fd9c5039e5153a278c540f08d5f

COCOAPODS: 1.6.1
